<?xml version="1.0" encoding="utf-8"?>
<Project ToolsVersion="4.0" xmlns="http://schemas.microsoft.com/developer/msbuild/2003">
  <ItemGroup>
    <Filter Include="Файлы заголовков">
      <UniqueIdentifier>{93995380-89BD-4b04-88EB-625FBE52EBFB}</UniqueIdentifier>
      <Extensions>h;hh;hpp;hxx;h++;hm;inl;inc;ipp;xsd</Extensions>
    </Filter>
    <Filter Include="Файлы ресурсов">
      <UniqueIdentifier>{67DA6AB6-F800-4c08-8B7A-83BB121AAD01}</UniqueIdentifier>
      <Extensions>rc;ico;cur;bmp;dlg;rc2;rct;bin;rgs;gif;jpg;jpeg;jpe;resx;tiff;tif;png;wav;mfcribbon-ms</Extensions>
    </Filter>
    <Filter Include="Файлы заголовков\util">
      <UniqueIdentifier>{3039ae41-cedc-4f5f-bc6e-bffa44f4da03}</UniqueIdentifier>
    </Filter>
    <Filter Include="Файлы заголовков\struct">
      <UniqueIdentifier>{768e32ad-cef2-47fd-a123-9c5882236e9b}</UniqueIdentifier>
    </Filter>
    <Filter Include="Исходные файлы">
      <UniqueIdentifier>{4FC737F1-C7A5-4376-A066-2A32D752A2FF}</UniqueIdentifier>
      <Extensions>cpp;c;cc;cxx;c++;cppm;ixx;def;odl;idl;hpj;bat;asm;asmx</Extensions>
    </Filter>
    <Filter Include="Файлы заголовков\syscall_dumper">
      <UniqueIdentifier>{44d47aa6-34b7-4e65-b6ee-971c62444227}</UniqueIdentifier>
    </Filter>
    <Filter Include="Файлы заголовков\util\dis">
      <UniqueIdentifier>{ecd658b3-ff78-4dca-8e06-5de71712d52f}</UniqueIdentifier>
    </Filter>
  </ItemGroup>
  <ItemGroup>
    <ClCompile Include="papa_woods.cpp">
      <Filter>Исходные файлы</Filter>
    </ClCompile>
  </ItemGroup>
  <ItemGroup>
    <ClInclude Include="Struct.h">
      <Filter>Файлы заголовков\struct</Filter>
    </ClInclude>
    <ClInclude Include="nt_api_def.h">
      <Filter>Файлы заголовков\struct</Filter>
    </ClInclude>
    <ClInclude Include="dump_syscall.h">
      <Filter>Файлы заголовков\syscall_dumper</Filter>
    </ClInclude>
    <ClInclude Include="lazy_importer.hpp">
      <Filter>Файлы заголовков\util</Filter>
    </ClInclude>
    <ClInclude Include="distorm.h">
      <Filter>Файлы заголовков\util\dis</Filter>
    </ClInclude>
    <ClInclude Include="mnemonics.h">
      <Filter>Файлы заголовков\util\dis</Filter>
    </ClInclude>
  </ItemGroup>
  <ItemGroup>
    <Library Include="..\..\..\..\util\disassembly\distorm\x64\distorm.lib">
      <Filter>Файлы ресурсов</Filter>
    </Library>
    <Library Include="..\..\..\..\util\disassembly\distorm\x32\distorm.lib">
      <Filter>Файлы ресурсов</Filter>
    </Library>
  </ItemGroup>
</Project>